
Microsoft Visual Studio Solution File, Format Version 12.00
# Visual Studio Version 16
VisualStudioVersion = 16.0.30503.244
MinimumVisualStudioVersion = 10.0.40219.1
Project("{FAE04EC0-301F-11D3-BF4B-00C04F79EFBC}") = "ComputerPurchases", "ComputerPurchases.csproj", "{0F97871D-9C58-4522-8133-D38B71CD8319}"
EndProject
Global
	GlobalSection(SolutionConfigurationPlatforms) = preSolution
		Debug|Any CPU = Debug|Any CPU
		Release|Any CPU = Release|Any CPU
	EndGlobalSection
	GlobalSection(ProjectConfigurationPlatforms) = postSolution
		{0F97871D-9C58-4522-8133-D38B71CD8319}.Debug|Any CPU.ActiveCfg = Debug|Any CPU
		{0F97871D-9C58-4522-8133-D38B71CD8319}.Debug|Any CPU.Build.0 = Debug|Any CPU
		{0F97871D-9C58-4522-8133-D38B71CD8319}.Release|Any CPU.ActiveCfg = Release|Any CPU
		{0F97871D-9C58-4522-8133-D38B71CD8319}.Release|Any CPU.Build.0 = Release|Any CPU
	EndGlobalSection
	GlobalSection(SolutionProperties) = preSolution
		HideSolutionNode = FALSE
	EndGlobalSection
	GlobalSection(ExtensibilityGlobals) = postSolution
		SolutionGuid = {01715334-D450-44A4-8620-F82D428C4589}
	EndGlobalSection
EndGlobal
